lockfileVersion: '9.0'

settings:
  autoInstallPeers: true
  excludeLinksFromLockfile: false

importers:

  .:
    dependencies:
      '@faker-js/faker':
        specifier: ^9.3.0
        version: 9.3.0
      leaflet:
        specifier: ^1.9.4
        version: 1.9.4
    devDependencies:
      '@types/leaflet':
        specifier: ^1.9.15
        version: 1.9.15
      buffer:
        specifier: ^5.5.0||^6.0.0
        version: 6.0.3

packages:

  '@faker-js/faker@9.3.0':
    resolution: {integrity: sha512-r0tJ3ZOkMd9xsu3VRfqlFR6cz0V/jFYRswAIpC+m/DIfAUXq7g8N7wTAlhSANySXYGKzGryfDXwtwsY8TxEIDw==}
    engines: {node: '>=18.0.0', npm: '>=9.0.0'}

  '@types/geojson@7946.0.15':
    resolution: {integrity: sha512-9oSxFzDCT2Rj6DfcHF8G++jxBKS7mBqXl5xrRW+Kbvjry6Uduya2iiwqHPhVXpasAVMBYKkEPGgKhd3+/HZ6xA==}

  '@types/leaflet@1.9.15':
    resolution: {integrity: sha512-7UuggAuAs+mva66gtf2OTB1nEhzU/9JED93TIaOEgvFMvG/dIGQaukHE7izHo1Zd+Ko1L4ETUw7TBc8yUxevpg==}

  base64-js@1.5.1:
    resolution: {integrity: sha512-AKpaYlHn8t4SVbOHCy+b5+KKgvR4vrsD8vbvrbiQJps7fKDTkjkDry6ji0rUJjC0kzbNePLwzxq8iypo41qeWA==}

  buffer@6.0.3:
    resolution: {integrity: sha512-FTiCpNxtwiZZHEZbcbTIcZjERVICn9yq/pDFkTl95/AxzD1naBctN7YO68riM/gLSDY7sdrMby8hofADYuuqOA==}

  ieee754@1.2.1:
    resolution: {integrity: sha512-dcyqhDvX1C46lXZcVqCpK+FtMRQVdIMN6/Df5js2zouUsqG7I6sFxitIC+7KYK29KdXOLHdu9zL4sFnoVQnqaA==}

  leaflet@1.9.4:
    resolution: {integrity: sha512-nxS1ynzJOmOlHp+iL3FyWqK89GtNL8U8rvlMOsQdTTssxZwCXh8N2NB3GDQOL+YR3XnWyZAxwQixURb+FA74PA==}

snapshots:

  '@faker-js/faker@9.3.0': {}

  '@types/geojson@7946.0.15': {}

  '@types/leaflet@1.9.15':
    dependencies:
      '@types/geojson': 7946.0.15

  base64-js@1.5.1: {}

  buffer@6.0.3:
    dependencies:
      base64-js: 1.5.1
      ieee754: 1.2.1

  ieee754@1.2.1: {}

  leaflet@1.9.4: {}
